// !$*UTF8*$!
{
	archiveVersion = 1;
	classes = {
	};
	objectVersion = 50;
	objects = {

/* Begin PBXBuildFile section */
		4600D59967E1F039BA154FD4 /* libPods-Seeing.a in Frameworks */ = {isa = PBXBuildFile; fileRef = 3EF29CD3422220A2C4697B47 /* libPods-Seeing.a */; };
		6C1BD07025948ABB00CB05AD /* UILabel+Touch.m in Sources */ = {isa = PBXBuildFile; fileRef = 6C1BD06F25948ABB00CB05AD /* UILabel+Touch.m */; };
		6C1BD0732594FA3F00CB05AD /* SEEBlindPersonalCentreModel.m in Sources */ = {isa = PBXBuildFile; fileRef = 6C1BD0722594FA3F00CB05AD /* SEEBlindPersonalCentreModel.m */; };
		6C1C8388256FC62A001BB151 /* SEELoginView.m in Sources */ = {isa = PBXBuildFile; fileRef = 6C1C8387256FC62A001BB151 /* SEELoginView.m */; };
		6C1C838C256FE45B001BB151 /* SEERegisterViewController.m in Sources */ = {isa = PBXBuildFile; fileRef = 6C1C838B256FE45B001BB151 /* SEERegisterViewController.m */; };
		6C1C8392256FE683001BB151 /* SEERegisterView.m in Sources */ = {isa = PBXBuildFile; fileRef = 6C1C8391256FE683001BB151 /* SEERegisterView.m */; };
		6C1C8399256FEDA1001BB151 /* SEEBlindVideoCallViewController.m in Sources */ = {isa = PBXBuildFile; fileRef = 6C1C8398256FEDA1001BB151 /* SEEBlindVideoCallViewController.m */; };
		6C1C839C256FEDD0001BB151 /* SEEBlindGeneralInfoViewController.m in Sources */ = {isa = PBXBuildFile; fileRef = 6C1C839B256FEDD0001BB151 /* SEEBlindGeneralInfoViewController.m */; };
		6C1C839F256FEDE6001BB151 /* SEEBlindPersonalViewController.m in Sources */ = {isa = PBXBuildFile; fileRef = 6C1C839E256FEDE6001BB151 /* SEEBlindPersonalViewController.m */; };
		6C1C83A5256FF988001BB151 /* SEEBlindVideoCallView.m in Sources */ = {isa = PBXBuildFile; fileRef = 6C1C83A4256FF988001BB151 /* SEEBlindVideoCallView.m */; };
		6C2AAD79259620CD009A3B74 /* SEEBlindContactModel.m in Sources */ = {isa = PBXBuildFile; fileRef = 6C2AAD78259620CD009A3B74 /* SEEBlindContactModel.m */; };
		6C3B2B1025931101004E80CB /* SpeechManager.m in Sources */ = {isa = PBXBuildFile; fileRef = 6C3B2B0F25931101004E80CB /* SpeechManager.m */; };
		6C3B2B1325939152004E80CB /* SEEBlindPersonalContactView.m in Sources */ = {isa = PBXBuildFile; fileRef = 6C3B2B1225939152004E80CB /* SEEBlindPersonalContactView.m */; };
		6C3B2B162593B420004E80CB /* SEEBlindPersonalContactTableViewCell.m in Sources */ = {isa = PBXBuildFile; fileRef = 6C3B2B152593B420004E80CB /* SEEBlindPersonalContactTableViewCell.m */; };
		6C43D18C256A47390039D232 /* AppDelegate.m in Sources */ = {isa = PBXBuildFile; fileRef = 6C43D18B256A47390039D232 /* AppDelegate.m */; };
		6C43D18F256A47390039D232 /* SceneDelegate.m in Sources */ = {isa = PBXBuildFile; fileRef = 6C43D18E256A47390039D232 /* SceneDelegate.m */; };
		6C43D195256A47390039D232 /* Main.storyboard in Resources */ = {isa = PBXBuildFile; fileRef = 6C43D193256A47390039D232 /* Main.storyboard */; };
		6C43D197256A473D0039D232 /* Assets.xcassets in Resources */ = {isa = PBXBuildFile; fileRef = 6C43D196256A473D0039D232 /* Assets.xcassets */; };
		6C43D19A256A473D0039D232 /* LaunchScreen.storyboard in Resources */ = {isa = PBXBuildFile; fileRef = 6C43D198256A473D0039D232 /* LaunchScreen.storyboard */; };
		6C43D19D256A473D0039D232 /* main.m in Sources */ = {isa = PBXBuildFile; fileRef = 6C43D19C256A473D0039D232 /* main.m */; };
		6C43D1A7256A473D0039D232 /* SeeingTests.m in Sources */ = {isa = PBXBuildFile; fileRef = 6C43D1A6256A473D0039D232 /* SeeingTests.m */; };
		6C43D1B2256A473D0039D232 /* SeeingUITests.m in Sources */ = {isa = PBXBuildFile; fileRef = 6C43D1B1256A473D0039D232 /* SeeingUITests.m */; };
		6C43D1C1256A485B0039D232 /* SEEChooseViewController.m in Sources */ = {isa = PBXBuildFile; fileRef = 6C43D1C0256A485B0039D232 /* SEEChooseViewController.m */; };
		6C43D1C9256A499B0039D232 /* SEEChooseView.m in Sources */ = {isa = PBXBuildFile; fileRef = 6C43D1C8256A499B0039D232 /* SEEChooseView.m */; };
		6C4C6FB72574E4A300BC3C2C /* SEELoginModel.m in Sources */ = {isa = PBXBuildFile; fileRef = 6C4C6FB62574E4A300BC3C2C /* SEELoginModel.m */; };
		6C4C6FBD2574ED6700BC3C2C /* SEEBlindPersonalView.m in Sources */ = {isa = PBXBuildFile; fileRef = 6C4C6FBC2574ED6700BC3C2C /* SEEBlindPersonalView.m */; };
		6C4C6FC02574EFCF00BC3C2C /* SEEBlindPersonalTableViewCell.m in Sources */ = {isa = PBXBuildFile; fileRef = 6C4C6FBF2574EFCF00BC3C2C /* SEEBlindPersonalTableViewCell.m */; };
		6C4C6FC7257508B400BC3C2C /* SEESubBlindPersonalCentreViewController.m in Sources */ = {isa = PBXBuildFile; fileRef = 6C4C6FC6257508B400BC3C2C /* SEESubBlindPersonalCentreViewController.m */; };
		6C4C6FCD2575096D00BC3C2C /* SEESubBlindPersonalCentreView.m in Sources */ = {isa = PBXBuildFile; fileRef = 6C4C6FCC2575096D00BC3C2C /* SEESubBlindPersonalCentreView.m */; };
		6C4C6FD0257509D200BC3C2C /* SEEBlindSubPersonalModifyViewController.m in Sources */ = {isa = PBXBuildFile; fileRef = 6C4C6FCF257509D200BC3C2C /* SEEBlindSubPersonalModifyViewController.m */; };
		6C4C6FD3257509F500BC3C2C /* SEEBlindPersonalContactViewController.m in Sources */ = {isa = PBXBuildFile; fileRef = 6C4C6FD2257509F500BC3C2C /* SEEBlindPersonalContactViewController.m */; };
		6C4C6FD625750F2800BC3C2C /* SEESubBlindPersonCentreTableViewCell.m in Sources */ = {isa = PBXBuildFile; fileRef = 6C4C6FD525750F2800BC3C2C /* SEESubBlindPersonCentreTableViewCell.m */; };
		6C51EE72257E42D6006D746B /* SEEVolunteerMainView.m in Sources */ = {isa = PBXBuildFile; fileRef = 6C51EE71257E42D6006D746B /* SEEVolunteerMainView.m */; };
		6C51EE74257E45D6006D746B /* tonghuajilu.png in Resources */ = {isa = PBXBuildFile; fileRef = 6C51EE73257E45D6006D746B /* tonghuajilu.png */; };
		6C53A243256FBABB00E7E78D /* SEELoginViewController.m in Sources */ = {isa = PBXBuildFile; fileRef = 6C53A242256FBABB00E7E78D /* SEELoginViewController.m */; };
		6C5641262578D8D4006428DD /* tj.jpg in Resources */ = {isa = PBXBuildFile; fileRef = 6C5641252578D8D4006428DD /* tj.jpg */; };
		6C5641282578DC6C006428DD /* bj.jpg in Resources */ = {isa = PBXBuildFile; fileRef = 6C5641272578DC6C006428DD /* bj.jpg */; };
		6C56A9042577BA650072AA1A /* fanhui.png in Resources */ = {isa = PBXBuildFile; fileRef = 6C56A9032577BA650072AA1A /* fanhui.png */; };
		6C56A90E2577DB4C0072AA1A /* wode-3.png in Resources */ = {isa = PBXBuildFile; fileRef = 6C56A9062577DB4C0072AA1A /* wode-3.png */; };
		6C56A90F2577DB4C0072AA1A /* wode.png in Resources */ = {isa = PBXBuildFile; fileRef = 6C56A9072577DB4C0072AA1A /* wode.png */; };
		6C56A9102577DB4C0072AA1A /* wode-4.png in Resources */ = {isa = PBXBuildFile; fileRef = 6C56A9082577DB4C0072AA1A /* wode-4.png */; };
		6C56A9112577DB4C0072AA1A /* changyongxinxi.png in Resources */ = {isa = PBXBuildFile; fileRef = 6C56A9092577DB4C0072AA1A /* changyongxinxi.png */; };
		6C56A9122577DB4C0072AA1A /* changyongxinxi-2.png in Resources */ = {isa = PBXBuildFile; fileRef = 6C56A90A2577DB4C0072AA1A /* changyongxinxi-2.png */; };
		6C56A9132577DB4C0072AA1A /* shipintonghua.png in Resources */ = {isa = PBXBuildFile; fileRef = 6C56A90B2577DB4C0072AA1A /* shipintonghua.png */; };
		6C56A9142577DB4C0072AA1A /* shipintonghua-2.png in Resources */ = {isa = PBXBuildFile; fileRef = 6C56A90C2577DB4C0072AA1A /* shipintonghua-2.png */; };
		6C56A9152577DB4C0072AA1A /* wode-2.png in Resources */ = {isa = PBXBuildFile; fileRef = 6C56A90D2577DB4C0072AA1A /* wode-2.png */; };
		6C5716562595A2FC0048163B /* tianjia.png in Resources */ = {isa = PBXBuildFile; fileRef = 6C5716552595A2FB0048163B /* tianjia.png */; };
		6C57165E2595AB670048163B /* SEEBlindContactAddView.m in Sources */ = {isa = PBXBuildFile; fileRef = 6C57165D2595AB670048163B /* SEEBlindContactAddView.m */; };
		6C5716612595AB9B0048163B /* SEEBlindContactAddViewController.m in Sources */ = {isa = PBXBuildFile; fileRef = 6C5716602595AB9B0048163B /* SEEBlindContactAddViewController.m */; };
		6C5FBF022591E5810064DC9F /* zhishituputubiao-.png in Resources */ = {isa = PBXBuildFile; fileRef = 6C5FBF012591E5810064DC9F /* zhishituputubiao-.png */; };
		6C6390D42573C33D008A5BEE /* Manager.m in Sources */ = {isa = PBXBuildFile; fileRef = 6C6390D32573C33D008A5BEE /* Manager.m */; };
		6C6390D72573D702008A5BEE /* SEERegisterModel.m in Sources */ = {isa = PBXBuildFile; fileRef = 6C6390D62573D702008A5BEE /* SEERegisterModel.m */; };
		6C70918B258B601300EB5C94 /* SEEResetPasswordViewController.m in Sources */ = {isa = PBXBuildFile; fileRef = 6C70918A258B601300EB5C94 /* SEEResetPasswordViewController.m */; };
		6C70918E258B602B00EB5C94 /* SEEResetPasswordView.m in Sources */ = {isa = PBXBuildFile; fileRef = 6C70918D258B602B00EB5C94 /* SEEResetPasswordView.m */; };
		6C709190258B7B2000EB5C94 /* fengexian-2.png in Resources */ = {isa = PBXBuildFile; fileRef = 6C70918F258B7B2000EB5C94 /* fengexian-2.png */; };
		6C709194258B92F900EB5C94 /* SEEBlindSubPersonalModifyView.m in Sources */ = {isa = PBXBuildFile; fileRef = 6C709193258B92F900EB5C94 /* SEEBlindSubPersonalModifyView.m */; };
		6C808A9F2590E1310060C94A /* SEEVolunteerPersonalView.m in Sources */ = {isa = PBXBuildFile; fileRef = 6C808A9E2590E1310060C94A /* SEEVolunteerPersonalView.m */; };
		6C998DE6258A41FE00526ECC /* SEEForgetView.m in Sources */ = {isa = PBXBuildFile; fileRef = 6C998DE5258A41FE00526ECC /* SEEForgetView.m */; };
		6C998DEC258A426300526ECC /* SEEForgetViewController.m in Sources */ = {isa = PBXBuildFile; fileRef = 6C998DEB258A426300526ECC /* SEEForgetViewController.m */; };
		6C998DEE258A52F200526ECC /* fengexian.png in Resources */ = {isa = PBXBuildFile; fileRef = 6C998DED258A52F200526ECC /* fengexian.png */; };
		6C998DF1258A63B500526ECC /* SEEForgetModel.m in Sources */ = {isa = PBXBuildFile; fileRef = 6C998DF0258A63B500526ECC /* SEEForgetModel.m */; };
		6CBFD1D6257B8C5B0076A562 /* SEEVolunteerMainViewController.m in Sources */ = {isa = PBXBuildFile; fileRef = 6CBFD1D5257B8C5B0076A562 /* SEEVolunteerMainViewController.m */; };
		6CBFD1D9257B8C710076A562 /* SEEVolunteerUploadViewController.m in Sources */ = {isa = PBXBuildFile; fileRef = 6CBFD1D8257B8C710076A562 /* SEEVolunteerUploadViewController.m */; };
		6CBFD1DC257B8C840076A562 /* SEEVolunteerPersonalViewController.m in Sources */ = {isa = PBXBuildFile; fileRef = 6CBFD1DB257B8C840076A562 /* SEEVolunteerPersonalViewController.m */; };
		6CC55E56257956D700FF1E97 /* saoyisao.png in Resources */ = {isa = PBXBuildFile; fileRef = 6CC55E55257956D700FF1E97 /* saoyisao.png */; };
		6CCAEDA62591F53100C237D8 /* tonghua.png in Resources */ = {isa = PBXBuildFile; fileRef = 6CCAEDA52591F53100C237D8 /* tonghua.png */; };
		6CCAEDAD259200CD00C237D8 /* SEEBlindGeneralInfoView.m in Sources */ = {isa = PBXBuildFile; fileRef = 6CCAEDAC259200CD00C237D8 /* SEEBlindGeneralInfoView.m */; };
		6CCAEDB02592092100C237D8 /* SEEBlindGeneralInfoTableViewCell.m in Sources */ = {isa = PBXBuildFile; fileRef = 6CCAEDAF2592092100C237D8 /* SEEBlindGeneralInfoTableViewCell.m */; };
		6CCAEDB225920DA000C237D8 /* taiyang.png in Resources */ = {isa = PBXBuildFile; fileRef = 6CCAEDB125920DA000C237D8 /* taiyang.png */; };
		6CCAEDB425920DAB00C237D8 /* yinle.png in Resources */ = {isa = PBXBuildFile; fileRef = 6CCAEDB325920DAB00C237D8 /* yinle.png */; };
		6CCAEDB625920DB100C237D8 /* zixun.png in Resources */ = {isa = PBXBuildFile; fileRef = 6CCAEDB525920DB100C237D8 /* zixun.png */; };
		6CCAEDB825920FBF00C237D8 /* zixun-2.png in Resources */ = {isa = PBXBuildFile; fileRef = 6CCAEDB725920FBF00C237D8 /* zixun-2.png */; };
		6CCAEDBA25920FC500C237D8 /* zixun-3.png in Resources */ = {isa = PBXBuildFile; fileRef = 6CCAEDB925920FC500C237D8 /* zixun-3.png */; };
		6CCAEDBC2592102C00C237D8 /* ziyuan.png in Resources */ = {isa = PBXBuildFile; fileRef = 6CCAEDBB2592102C00C237D8 /* ziyuan.png */; };
		6CCAEDBE25922CC000C237D8 /* saoyisao-3.png in Resources */ = {isa = PBXBuildFile; fileRef = 6CCAEDBD25922CBF00C237D8 /* saoyisao-3.png */; };
/* End PBXBuildFile section */

/* Begin PBXContainerItemProxy section */
		6C43D1A3256A473D0039D232 /* PBXContainerItemProxy */ = {
			isa = PBXContainerItemProxy;
			containerPortal = 6C43D17F256A47390039D232 /* Project object */;
			proxyType = 1;
			remoteGlobalIDString = 6C43D186256A47390039D232;
			remoteInfo = Seeing;
		};
		6C43D1AE256A473D0039D232 /* PBXContainerItemProxy */ = {
			isa = PBXContainerItemProxy;
			containerPortal = 6C43D17F256A47390039D232 /* Project object */;
			proxyType = 1;
			remoteGlobalIDString = 6C43D186256A47390039D232;
			remoteInfo = Seeing;
		};
/* End PBXContainerItemProxy section */

/* Begin PBXFileReference section */
		1F7B729F8F80AF4FD01236D2 /* Pods-Seeing.debug.xcconfig */ = {isa = PBXFileReference; includeInIndex = 1; lastKnownFileType = text.xcconfig; name = "Pods-Seeing.debug.xcconfig"; path = "Target Support Files/Pods-Seeing/Pods-Seeing.debug.xcconfig"; sourceTree = "<group>"; };
		3EF29CD3422220A2C4697B47 /* libPods-Seeing.a */ = {isa = PBXFileReference; explicitFileType = archive.ar; includeInIndex = 0; path = "libPods-Seeing.a"; sourceTree = BUILT_PRODUCTS_DIR; };
		6C1BD06E25948ABB00CB05AD /* UILabel+Touch.h */ = {isa = PBXFileReference; lastKnownFileType = sourcecode.c.h; path = "UILabel+Touch.h"; sourceTree = "<group>"; };
		6C1BD06F25948ABB00CB05AD /* UILabel+Touch.m */ = {isa = PBXFileReference; lastKnownFileType = sourcecode.c.objc; path = "UILabel+Touch.m"; sourceTree = "<group>"; };
		6C1BD0712594FA3F00CB05AD /* SEEBlindPersonalCentreModel.h */ = {isa = PBXFileReference; lastKnownFileType = sourcecode.c.h; path = SEEBlindPersonalCentreModel.h; sourceTree = "<group>"; };
		6C1BD0722594FA3F00CB05AD /* SEEBlindPersonalCentreModel.m */ = {isa = PBXFileReference; lastKnownFileType = sourcecode.c.objc; path = SEEBlindPersonalCentreModel.m; sourceTree = "<group>"; };
		6C1C8386256FC62A001BB151 /* SEELoginView.h */ = {isa = PBXFileReference; lastKnownFileType = sourcecode.c.h; path = SEELoginView.h; sourceTree = "<group>"; };
		6C1C8387256FC62A001BB151 /* SEELoginView.m */ = {isa = PBXFileReference; lastKnownFileType = sourcecode.c.objc; path = SEELoginView.m; sourceTree = "<group>"; };
		6C1C838A256FE45B001BB151 /* SEERegisterViewController.h */ = {isa = PBXFileReference; lastKnownFileType = sourcecode.c.h; path = SEERegisterViewController.h; sourceTree = "<group>"; };
		6C1C838B256FE45B001BB151 /* SEERegisterViewController.m */ = {isa = PBXFileReference; lastKnownFileType = sourcecode.c.objc; path = SEERegisterViewController.m; sourceTree = "<group>"; };
		6C1C8390256FE683001BB151 /* SEERegisterView.h */ = {isa = PBXFileReference; lastKnownFileType = sourcecode.c.h; path = SEERegisterView.h; sourceTree = "<group>"; };
		6C1C8391256FE683001BB151 /* SEERegisterView.m */ = {isa = PBXFileReference; lastKnownFileType = sourcecode.c.objc; path = SEERegisterView.m; sourceTree = "<group>"; };
		6C1C8397256FEDA1001BB151 /* SEEBlindVideoCallViewController.h */ = {isa = PBXFileReference; lastKnownFileType = sourcecode.c.h; path = SEEBlindVideoCallViewController.h; sourceTree = "<group>"; };
		6C1C8398256FEDA1001BB151 /* SEEBlindVideoCallViewController.m */ = {isa = PBXFileReference; lastKnownFileType = sourcecode.c.objc; path = SEEBlindVideoCallViewController.m; sourceTree = "<group>"; };
		6C1C839A256FEDD0001BB151 /* SEEBlindGeneralInfoViewController.h */ = {isa = PBXFileReference; lastKnownFileType = sourcecode.c.h; path = SEEBlindGeneralInfoViewController.h; sourceTree = "<group>"; };
		6C1C839B256FEDD0001BB151 /* SEEBlindGeneralInfoViewController.m */ = {isa = PBXFileReference; lastKnownFileType = sourcecode.c.objc; path = SEEBlindGeneralInfoViewController.m; sourceTree = "<group>"; };
		6C1C839D256FEDE6001BB151 /* SEEBlindPersonalViewController.h */ = {isa = PBXFileReference; lastKnownFileType = sourcecode.c.h; path = SEEBlindPersonalViewController.h; sourceTree = "<group>"; };
		6C1C839E256FEDE6001BB151 /* SEEBlindPersonalViewController.m */ = {isa = PBXFileReference; lastKnownFileType = sourcecode.c.objc; path = SEEBlindPersonalViewController.m; sourceTree = "<group>"; wrapsLines = 1; };
		6C1C83A3256FF988001BB151 /* SEEBlindVideoCallView.h */ = {isa = PBXFileReference; lastKnownFileType = sourcecode.c.h; path = SEEBlindVideoCallView.h; sourceTree = "<group>"; };
		6C1C83A4256FF988001BB151 /* SEEBlindVideoCallView.m */ = {isa = PBXFileReference; lastKnownFileType = sourcecode.c.objc; lineEnding = 0; path = SEEBlindVideoCallView.m; sourceTree = "<group>"; };
		6C2AAD77259620CD009A3B74 /* SEEBlindContactModel.h */ = {isa = PBXFileReference; lastKnownFileType = sourcecode.c.h; path = SEEBlindContactModel.h; sourceTree = "<group>"; };
		6C2AAD78259620CD009A3B74 /* SEEBlindContactModel.m */ = {isa = PBXFileReference; lastKnownFileType = sourcecode.c.objc; path = SEEBlindContactModel.m; sourceTree = "<group>"; };
		6C3B2B0E25931101004E80CB /* SpeechManager.h */ = {isa = PBXFileReference; lastKnownFileType = sourcecode.c.h; path = SpeechManager.h; sourceTree = "<group>"; };
		6C3B2B0F25931101004E80CB /* SpeechManager.m */ = {isa = PBXFileReference; lastKnownFileType = sourcecode.c.objc; path = SpeechManager.m; sourceTree = "<group>"; };
		6C3B2B1125939152004E80CB /* SEEBlindPersonalContactView.h */ = {isa = PBXFileReference; lastKnownFileType = sourcecode.c.h; path = SEEBlindPersonalContactView.h; sourceTree = "<group>"; };
		6C3B2B1225939152004E80CB /* SEEBlindPersonalContactView.m */ = {isa = PBXFileReference; lastKnownFileType = sourcecode.c.objc; path = SEEBlindPersonalContactView.m; sourceTree = "<group>"; };
		6C3B2B142593B420004E80CB /* SEEBlindPersonalContactTableViewCell.h */ = {isa = PBXFileReference; lastKnownFileType = sourcecode.c.h; path = SEEBlindPersonalContactTableViewCell.h; sourceTree = "<group>"; };
		6C3B2B152593B420004E80CB /* SEEBlindPersonalContactTableViewCell.m */ = {isa = PBXFileReference; lastKnownFileType = sourcecode.c.objc; path = SEEBlindPersonalContactTableViewCell.m; sourceTree = "<group>"; };
		6C43D187256A47390039D232 /* Seeing.app */ = {isa = PBXFileReference; explicitFileType = wrapper.application; includeInIndex = 0; path = Seeing.app; sourceTree = BUILT_PRODUCTS_DIR; };
		6C43D18A256A47390039D232 /* AppDelegate.h */ = {isa = PBXFileReference; lastKnownFileType = sourcecode.c.h; path = AppDelegate.h; sourceTree = "<group>"; };
		6C43D18B256A47390039D232 /* AppDelegate.m */ = {isa = PBXFileReference; lastKnownFileType = sourcecode.c.objc; path = AppDelegate.m; sourceTree = "<group>"; };
		6C43D18D256A47390039D232 /* SceneDelegate.h */ = {isa = PBXFileReference; lastKnownFileType = sourcecode.c.h; path = SceneDelegate.h; sourceTree = "<group>"; };
		6C43D18E256A47390039D232 /* SceneDelegate.m */ = {isa = PBXFileReference; lastKnownFileType = sourcecode.c.objc; path = SceneDelegate.m; sourceTree = "<group>"; };
		6C43D194256A47390039D232 /* Base */ = {isa = PBXFileReference; lastKnownFileType = file.storyboard; name = Base; path = Base.lproj/Main.storyboard; sourceTree = "<group>"; };
		6C43D196256A473D0039D232 /* Assets.xcassets */ = {isa = PBXFileReference; lastKnownFileType = folder.assetcatalog; path = Assets.xcassets; sourceTree = "<group>"; };
		6C43D199256A473D0039D232 /* Base */ = {isa = PBXFileReference; lastKnownFileType = file.storyboard; name = Base; path = Base.lproj/LaunchScreen.storyboard; sourceTree = "<group>"; };
		6C43D19B256A473D0039D232 /* Info.plist */ = {isa = PBXFileReference; lastKnownFileType = text.plist.xml; path = Info.plist; sourceTree = "<group>"; };
		6C43D19C256A473D0039D232 /* main.m */ = {isa = PBXFileReference; lastKnownFileType = sourcecode.c.objc; path = main.m; sourceTree = "<group>"; };
		6C43D1A2256A473D0039D232 /* SeeingTests.xctest */ = {isa = PBXFileReference; explicitFileType = wrapper.cfbundle; includeInIndex = 0; path = SeeingTests.xctest; sourceTree = BUILT_PRODUCTS_DIR; };
		6C43D1A6256A473D0039D232 /* SeeingTests.m */ = {isa = PBXFileReference; lastKnownFileType = sourcecode.c.objc; path = SeeingTests.m; sourceTree = "<group>"; };
		6C43D1A8256A473D0039D232 /* Info.plist */ = {isa = PBXFileReference; lastKnownFileType = text.plist.xml; path = Info.plist; sourceTree = "<group>"; };
		6C43D1AD256A473D0039D232 /* SeeingUITests.xctest */ = {isa = PBXFileReference; explicitFileType = wrapper.cfbundle; includeInIndex = 0; path = SeeingUITests.xctest; sourceTree = BUILT_PRODUCTS_DIR; };
		6C43D1B1256A473D0039D232 /* SeeingUITests.m */ = {isa = PBXFileReference; lastKnownFileType = sourcecode.c.objc; path = SeeingUITests.m; sourceTree = "<group>"; };
		6C43D1B3256A473D0039D232 /* Info.plist */ = {isa = PBXFileReference; lastKnownFileType = text.plist.xml; path = Info.plist; sourceTree = "<group>"; };
		6C43D1BF256A485B0039D232 /* SEEChooseViewController.h */ = {isa = PBXFileReference; lastKnownFileType = sourcecode.c.h; path = SEEChooseViewController.h; sourceTree = "<group>"; };
		6C43D1C0256A485B0039D232 /* SEEChooseViewController.m */ = {isa = PBXFileReference; lastKnownFileType = sourcecode.c.objc; path = SEEChooseViewController.m; sourceTree = "<group>"; };
		6C43D1C7256A499B0039D232 /* SEEChooseView.h */ = {isa = PBXFileReference; lastKnownFileType = sourcecode.c.h; path = SEEChooseView.h; sourceTree = "<group>"; };
		6C43D1C8256A499B0039D232 /* SEEChooseView.m */ = {isa = PBXFileReference; lastKnownFileType = sourcecode.c.objc; path = SEEChooseView.m; sourceTree = "<group>"; };
		6C4C6FB52574E4A300BC3C2C /* SEELoginModel.h */ = {isa = PBXFileReference; lastKnownFileType = sourcecode.c.h; path = SEELoginModel.h; sourceTree = "<group>"; };
		6C4C6FB62574E4A300BC3C2C /* SEELoginModel.m */ = {isa = PBXFileReference; lastKnownFileType = sourcecode.c.objc; path = SEELoginModel.m; sourceTree = "<group>"; };
		6C4C6FBB2574ED6700BC3C2C /* SEEBlindPersonalView.h */ = {isa = PBXFileReference; lastKnownFileType = sourcecode.c.h; path = SEEBlindPersonalView.h; sourceTree = "<group>"; };
		6C4C6FBC2574ED6700BC3C2C /* SEEBlindPersonalView.m */ = {isa = PBXFileReference; lastKnownFileType = sourcecode.c.objc; path = SEEBlindPersonalView.m; sourceTree = "<group>"; };
		6C4C6FBE2574EFCF00BC3C2C /* SEEBlindPersonalTableViewCell.h */ = {isa = PBXFileReference; lastKnownFileType = sourcecode.c.h; path = SEEBlindPersonalTableViewCell.h; sourceTree = "<group>"; };
		6C4C6FBF2574EFCF00BC3C2C /* SEEBlindPersonalTableViewCell.m */ = {isa = PBXFileReference; lastKnownFileType = sourcecode.c.objc; path = SEEBlindPersonalTableViewCell.m; sourceTree = "<group>"; };
		6C4C6FC5257508B400BC3C2C /* SEESubBlindPersonalCentreViewController.h */ = {isa = PBXFileReference; lastKnownFileType = sourcecode.c.h; path = SEESubBlindPersonalCentreViewController.h; sourceTree = "<group>"; };
		6C4C6FC6257508B400BC3C2C /* SEESubBlindPersonalCentreViewController.m */ = {isa = PBXFileReference; lastKnownFileType = sourcecode.c.objc; path = SEESubBlindPersonalCentreViewController.m; sourceTree = "<group>"; };
		6C4C6FCB2575096D00BC3C2C /* SEESubBlindPersonalCentreView.h */ = {isa = PBXFileReference; lastKnownFileType = sourcecode.c.h; path = SEESubBlindPersonalCentreView.h; sourceTree = "<group>"; };
		6C4C6FCC2575096D00BC3C2C /* SEESubBlindPersonalCentreView.m */ = {isa = PBXFileReference; lastKnownFileType = sourcecode.c.objc; path = SEESubBlindPersonalCentreView.m; sourceTree = "<group>"; };
		6C4C6FCE257509D200BC3C2C /* SEEBlindSubPersonalModifyViewController.h */ = {isa = PBXFileReference; lastKnownFileType = sourcecode.c.h; path = SEEBlindSubPersonalModifyViewController.h; sourceTree = "<group>"; };
		6C4C6FCF257509D200BC3C2C /* SEEBlindSubPersonalModifyViewController.m */ = {isa = PBXFileReference; lastKnownFileType = sourcecode.c.objc; path = SEEBlindSubPersonalModifyViewController.m; sourceTree = "<group>"; };
		6C4C6FD1257509F500BC3C2C /* SEEBlindPersonalContactViewController.h */ = {isa = PBXFileReference; lastKnownFileType = sourcecode.c.h; path = SEEBlindPersonalContactViewController.h; sourceTree = "<group>"; };
		6C4C6FD2257509F500BC3C2C /* SEEBlindPersonalContactViewController.m */ = {isa = PBXFileReference; lastKnownFileType = sourcecode.c.objc; path = SEEBlindPersonalContactViewController.m; sourceTree = "<group>"; };
		6C4C6FD425750F2800BC3C2C /* SEESubBlindPersonCentreTableViewCell.h */ = {isa = PBXFileReference; lastKnownFileType = sourcecode.c.h; path = SEESubBlindPersonCentreTableViewCell.h; sourceTree = "<group>"; };
		6C4C6FD525750F2800BC3C2C /* SEESubBlindPersonCentreTableViewCell.m */ = {isa = PBXFileReference; lastKnownFileType = sourcecode.c.objc; path = SEESubBlindPersonCentreTableViewCell.m; sourceTree = "<group>"; };
		6C51EE70257E42D6006D746B /* SEEVolunteerMainView.h */ = {isa = PBXFileReference; lastKnownFileType = sourcecode.c.h; path = SEEVolunteerMainView.h; sourceTree = "<group>"; };
		6C51EE71257E42D6006D746B /* SEEVolunteerMainView.m */ = {isa = PBXFileReference; lastKnownFileType = sourcecode.c.objc; path = SEEVolunteerMainView.m; sourceTree = "<group>"; };
		6C51EE73257E45D6006D746B /* tonghuajilu.png */ = {isa = PBXFileReference; lastKnownFileType = image.png; path = tonghuajilu.png; sourceTree = "<group>"; };
		6C53A241256FBABB00E7E78D /* SEELoginViewController.h */ = {isa = PBXFileReference; lastKnownFileType = sourcecode.c.h; path = SEELoginViewController.h; sourceTree = "<group>"; };
		6C53A242256FBABB00E7E78D /* SEELoginViewController.m */ = {isa = PBXFileReference; lastKnownFileType = sourcecode.c.objc; path = SEELoginViewController.m; sourceTree = "<group>"; };
		6C5641252578D8D4006428DD /* tj.jpg */ = {isa = PBXFileReference; lastKnownFileType = image.jpeg; path = tj.jpg; sourceTree = "<group>"; };
		6C5641272578DC6C006428DD /* bj.jpg */ = {isa = PBXFileReference; lastKnownFileType = image.jpeg; path = bj.jpg; sourceTree = "<group>"; };
		6C56A9032577BA650072AA1A /* fanhui.png */ = {isa = PBXFileReference; lastKnownFileType = image.png; path = fanhui.png; sourceTree = "<group>"; };
		6C56A9062577DB4C0072AA1A /* wode-3.png */ = {isa = PBXFileReference; lastKnownFileType = image.png; path = "wode-3.png"; sourceTree = "<group>"; };
		6C56A9072577DB4C0072AA1A /* wode.png */ = {isa = PBXFileReference; lastKnownFileType = image.png; path = wode.png; sourceTree = "<group>"; };
		6C56A9082577DB4C0072AA1A /* wode-4.png */ = {isa = PBXFileReference; lastKnownFileType = image.png; path = "wode-4.png"; sourceTree = "<group>"; };
		6C56A9092577DB4C0072AA1A /* changyongxinxi.png */ = {isa = PBXFileReference; lastKnownFileType = image.png; path = changyongxinxi.png; sourceTree = "<group>"; };
		6C56A90A2577DB4C0072AA1A /* changyongxinxi-2.png */ = {isa = PBXFileReference; lastKnownFileType = image.png; path = "changyongxinxi-2.png"; sourceTree = "<group>"; };
		6C56A90B2577DB4C0072AA1A /* shipintonghua.png */ = {isa = PBXFileReference; lastKnownFileType = image.png; path = shipintonghua.png; sourceTree = "<group>"; };
		6C56A90C2577DB4C0072AA1A /* shipintonghua-2.png */ = {isa = PBXFileReference; lastKnownFileType = image.png; path = "shipintonghua-2.png"; sourceTree = "<group>"; };
		6C56A90D2577DB4C0072AA1A /* wode-2.png */ = {isa = PBXFileReference; lastKnownFileType = image.png; path = "wode-2.png"; sourceTree = "<group>"; };
		6C5716552595A2FB0048163B /* tianjia.png */ = {isa = PBXFileReference; lastKnownFileType = image.png; path = tianjia.png; sourceTree = "<group>"; };
		6C57165C2595AB670048163B /* SEEBlindContactAddView.h */ = {isa = PBXFileReference; lastKnownFileType = sourcecode.c.h; path = SEEBlindContactAddView.h; sourceTree = "<group>"; };
		6C57165D2595AB670048163B /* SEEBlindContactAddView.m */ = {isa = PBXFileReference; lastKnownFileType = sourcecode.c.objc; path = SEEBlindContactAddView.m; sourceTree = "<group>"; };
		6C57165F2595AB9B0048163B /* SEEBlindContactAddViewController.h */ = {isa = PBXFileReference; lastKnownFileType = sourcecode.c.h; path = SEEBlindContactAddViewController.h; sourceTree = "<group>"; };
		6C5716602595AB9B0048163B /* SEEBlindContactAddViewController.m */ = {isa = PBXFileReference; lastKnownFileType = sourcecode.c.objc; path = SEEBlindContactAddViewController.m; sourceTree = "<group>"; };
		6C5FBF012591E5810064DC9F /* zhishituputubiao-.png */ = {isa = PBXFileReference; lastKnownFileType = image.png; path = "zhishituputubiao-.png"; sourceTree = "<group>"; };
		6C6390D22573C33D008A5BEE /* Manager.h */ = {isa = PBXFileReference; lastKnownFileType = sourcecode.c.h; path = Manager.h; sourceTree = "<group>"; };
		6C6390D32573C33D008A5BEE /* Manager.m */ = {isa = PBXFileReference; lastKnownFileType = sourcecode.c.objc; path = Manager.m; sourceTree = "<group>"; };
		6C6390D52573D702008A5BEE /* SEERegisterModel.h */ = {isa = PBXFileReference; lastKnownFileType = sourcecode.c.h; path = SEERegisterModel.h; sourceTree = "<group>"; };
		6C6390D62573D702008A5BEE /* SEERegisterModel.m */ = {isa = PBXFileReference; lastKnownFileType = sourcecode.c.objc; path = SEERegisterModel.m; sourceTree = "<group>"; };
		6C709189258B601300EB5C94 /* SEEResetPasswordViewController.h */ = {isa = PBXFileReference; lastKnownFileType = sourcecode.c.h; path = SEEResetPasswordViewController.h; sourceTree = "<group>"; };
		6C70918A258B601300EB5C94 /* SEEResetPasswordViewController.m */ = {isa = PBXFileReference; lastKnownFileType = sourcecode.c.objc; path = SEEResetPasswordViewController.m; sourceTree = "<group>"; };
		6C70918C258B602B00EB5C94 /* SEEResetPasswordView.h */ = {isa = PBXFileReference; lastKnownFileType = sourcecode.c.h; path = SEEResetPasswordView.h; sourceTree = "<group>"; };
		6C70918D258B602B00EB5C94 /* SEEResetPasswordView.m */ = {isa = PBXFileReference; lastKnownFileType = sourcecode.c.objc; path = SEEResetPasswordView.m; sourceTree = "<group>"; };
		6C70918F258B7B2000EB5C94 /* fengexian-2.png */ = {isa = PBXFileReference; lastKnownFileType = image.png; path = "fengexian-2.png"; sourceTree = "<group>"; };
		6C709192258B92F900EB5C94 /* SEEBlindSubPersonalModifyView.h */ = {isa = PBXFileReference; lastKnownFileType = sourcecode.c.h; path = SEEBlindSubPersonalModifyView.h; sourceTree = "<group>"; };
		6C709193258B92F900EB5C94 /* SEEBlindSubPersonalModifyView.m */ = {isa = PBXFileReference; lastKnownFileType = sourcecode.c.objc; path = SEEBlindSubPersonalModifyView.m; sourceTree = "<group>"; };
		6C808A9D2590E1310060C94A /* SEEVolunteerPersonalView.h */ = {isa = PBXFileReference; lastKnownFileType = sourcecode.c.h; path = SEEVolunteerPersonalView.h; sourceTree = "<group>"; };
		6C808A9E2590E1310060C94A /* SEEVolunteerPersonalView.m */ = {isa = PBXFileReference; lastKnownFileType = sourcecode.c.objc; path = SEEVolunteerPersonalView.m; sourceTree = "<group>"; };
		6C998DE4258A41FE00526ECC /* SEEForgetView.h */ = {isa = PBXFileReference; lastKnownFileType = sourcecode.c.h; path = SEEForgetView.h; sourceTree = "<group>"; };
		6C998DE5258A41FE00526ECC /* SEEForgetView.m */ = {isa = PBXFileReference; lastKnownFileType = sourcecode.c.objc; path = SEEForgetView.m; sourceTree = "<group>"; };
		6C998DEA258A426300526ECC /* SEEForgetViewController.h */ = {isa = PBXFileReference; lastKnownFileType = sourcecode.c.h; path = SEEForgetViewController.h; sourceTree = "<group>"; };
		6C998DEB258A426300526ECC /* SEEForgetViewController.m */ = {isa = PBXFileReference; lastKnownFileType = sourcecode.c.objc; path = SEEForgetViewController.m; sourceTree = "<group>"; };
		6C998DED258A52F200526ECC /* fengexian.png */ = {isa = PBXFileReference; lastKnownFileType = image.png; path = fengexian.png; sourceTree = "<group>"; };
		6C998DEF258A63B500526ECC /* SEEForgetModel.h */ = {isa = PBXFileReference; lastKnownFileType = sourcecode.c.h; path = SEEForgetModel.h; sourceTree = "<group>"; };
		6C998DF0258A63B500526ECC /* SEEForgetModel.m */ = {isa = PBXFileReference; lastKnownFileType = sourcecode.c.objc; path = SEEForgetModel.m; sourceTree = "<group>"; };
		6CBFD1D4257B8C5B0076A562 /* SEEVolunteerMainViewController.h */ = {isa = PBXFileReference; lastKnownFileType = sourcecode.c.h; path = SEEVolunteerMainViewController.h; sourceTree = "<group>"; };
		6CBFD1D5257B8C5B0076A562 /* SEEVolunteerMainViewController.m */ = {isa = PBXFileReference; lastKnownFileType = sourcecode.c.objc; path = SEEVolunteerMainViewController.m; sourceTree = "<group>"; };
		6CBFD1D7257B8C710076A562 /* SEEVolunteerUploadViewController.h */ = {isa = PBXFileReference; lastKnownFileType = sourcecode.c.h; path = SEEVolunteerUploadViewController.h; sourceTree = "<group>"; };
		6CBFD1D8257B8C710076A562 /* SEEVolunteerUploadViewController.m */ = {isa = PBXFileReference; lastKnownFileType = sourcecode.c.objc; path = SEEVolunteerUploadViewController.m; sourceTree = "<group>"; };
		6CBFD1DA257B8C840076A562 /* SEEVolunteerPersonalViewController.h */ = {isa = PBXFileReference; lastKnownFileType = sourcecode.c.h; path = SEEVolunteerPersonalViewController.h; sourceTree = "<group>"; };
		6CBFD1DB257B8C840076A562 /* SEEVolunteerPersonalViewController.m */ = {isa = PBXFileReference; lastKnownFileType = sourcecode.c.objc; path = SEEVolunteerPersonalViewController.m; sourceTree = "<group>"; };
		6CC55E55257956D700FF1E97 /* saoyisao.png */ = {isa = PBXFileReference; lastKnownFileType = image.png; path = saoyisao.png; sourceTree = "<group>"; };
		6CCAEDA52591F53100C237D8 /* tonghua.png */ = {isa = PBXFileReference; lastKnownFileType = image.png; path = tonghua.png; sourceTree = "<group>"; };
		6CCAEDAB259200CD00C237D8 /* SEEBlindGeneralInfoView.h */ = {isa = PBXFileReference; lastKnownFileType = sourcecode.c.h; path = SEEBlindGeneralInfoView.h; sourceTree = "<group>"; };
		6CCAEDAC259200CD00C237D8 /* SEEBlindGeneralInfoView.m */ = {isa = PBXFileReference; lastKnownFileType = sourcecode.c.objc; path = SEEBlindGeneralInfoView.m; sourceTree = "<group>"; };
		6CCAEDAE2592092100C237D8 /* SEEBlindGeneralInfoTableViewCell.h */ = {isa = PBXFileReference; lastKnownFileType = sourcecode.c.h; path = SEEBlindGeneralInfoTableViewCell.h; sourceTree = "<group>"; };
		6CCAEDAF2592092100C237D8 /* SEEBlindGeneralInfoTableViewCell.m */ = {isa = PBXFileReference; lastKnownFileType = sourcecode.c.objc; path = SEEBlindGeneralInfoTableViewCell.m; sourceTree = "<group>"; };
		6CCAEDB125920DA000C237D8 /* taiyang.png */ = {isa = PBXFileReference; lastKnownFileType = image.png; path = taiyang.png; sourceTree = "<group>"; };
		6CCAEDB325920DAB00C237D8 /* yinle.png */ = {isa = PBXFileReference; lastKnownFileType = image.png; path = yinle.png; sourceTree = "<group>"; };
		6CCAEDB525920DB100C237D8 /* zixun.png */ = {isa = PBXFileReference; lastKnownFileType = image.png; path = zixun.png; sourceTree = "<group>"; };
		6CCAEDB725920FBF00C237D8 /* zixun-2.png */ = {isa = PBXFileReference; lastKnownFileType = image.png; path = "zixun-2.png"; sourceTree = "<group>"; };
		6CCAEDB925920FC500C237D8 /* zixun-3.png */ = {isa = PBXFileReference; lastKnownFileType = image.png; path = "zixun-3.png"; sourceTree = "<group>"; };
		6CCAEDBB2592102C00C237D8 /* ziyuan.png */ = {isa = PBXFileReference; lastKnownFileType = image.png; path = ziyuan.png; sourceTree = "<group>"; };
		6CCAEDBD25922CBF00C237D8 /* saoyisao-3.png */ = {isa = PBXFileReference; lastKnownFileType = image.png; path = "saoyisao-3.png"; sourceTree = "<group>"; };
		E1ECAE199EC0EF9405EFD559 /* Pods-Seeing.release.xcconfig */ = {isa = PBXFileReference; includeInIndex = 1; lastKnownFileType = text.xcconfig; name = "Pods-Seeing.release.xcconfig"; path = "Target Support Files/Pods-Seeing/Pods-Seeing.release.xcconfig"; sourceTree = "<group>"; };
/* End PBXFileReference section */

/* Begin PBXFrameworksBuildPhase section */
		6C43D184256A47390039D232 /* Frameworks */ = {
			isa = PBXFrameworksBuildPhase;
			buildActionMask = 2147483647;
			files = (
				4600D59967E1F039BA154FD4 /* libPods-Seeing.a in Frameworks */,
			);
			runOnlyForDeploymentPostprocessing = 0;
		};
		6C43D19F256A473D0039D232 /* Frameworks */ = {
			isa = PBXFrameworksBuildPhase;
			buildActionMask = 2147483647;
			files = (
			);
			runOnlyForDeploymentPostprocessing = 0;
		};
		6C43D1AA256A473D0039D232 /* Frameworks */ = {
			isa = PBXFrameworksBuildPhase;
			buildActionMask = 2147483647;
			files = (
			);
			runOnlyForDeploymentPostprocessing = 0;
		};
/* End PBXFrameworksBuildPhase section */

/* Begin PBXGroup section */
		045289542ADAF1F96ED6E38F /* Frameworks */ = {
			isa = PBXGroup;
			children = (
				3EF29CD3422220A2C4697B47 /* libPods-Seeing.a */,
			);
			name = Frameworks;
			sourceTree = "<group>";
		};
		34D5BC8FD71E55BC04707757 /* Pods */ = {
			isa = PBXGroup;
			children = (
				1F7B729F8F80AF4FD01236D2 /* Pods-Seeing.debug.xcconfig */,
				E1ECAE199EC0EF9405EFD559 /* Pods-Seeing.release.xcconfig */,
			);
			path = Pods;
			sourceTree = "<group>";
		};
		6C1C8382256FC3FA001BB151 /* SEELogin */ = {
			isa = PBXGroup;
			children = (
				6C1C8385256FC452001BB151 /* SEELoginModel */,
				6C1C8384256FC443001BB151 /* SEELoginView */,
				6C1C8383256FC431001BB151 /* SEELoginController */,
			);
			path = SEELogin;
			sourceTree = "<group>";
		};
		6C1C8383256FC431001BB151 /* SEELoginController */ = {
			isa = PBXGroup;
			children = (
				6C53A241256FBABB00E7E78D /* SEELoginViewController.h */,
				6C53A242256FBABB00E7E78D /* SEELoginViewController.m */,
				6C998DEA258A426300526ECC /* SEEForgetViewController.h */,
				6C998DEB258A426300526ECC /* SEEForgetViewController.m */,
				6C709189258B601300EB5C94 /* SEEResetPasswordViewController.h */,
				6C70918A258B601300EB5C94 /* SEEResetPasswordViewController.m */,
			);
			path = SEELoginController;
			sourceTree = "<group>";
		};
		6C1C8384256FC443001BB151 /* SEELoginView */ = {
			isa = PBXGroup;
			children = (
				6C1C8386256FC62A001BB151 /* SEELoginView.h */,
				6C1C8387256FC62A001BB151 /* SEELoginView.m */,
				6C998DE4258A41FE00526ECC /* SEEForgetView.h */,
				6C998DE5258A41FE00526ECC /* SEEForgetView.m */,
				6C70918C258B602B00EB5C94 /* SEEResetPasswordView.h */,
				6C70918D258B602B00EB5C94 /* SEEResetPasswordView.m */,
			);
			path = SEELoginView;
			sourceTree = "<group>";
		};
		6C1C8385256FC452001BB151 /* SEELoginModel */ = {
			isa = PBXGroup;
			children = (
				6C4C6FB52574E4A300BC3C2C /* SEELoginModel.h */,
				6C4C6FB62574E4A300BC3C2C /* SEELoginModel.m */,
				6C998DEF258A63B500526ECC /* SEEForgetModel.h */,
				6C998DF0258A63B500526ECC /* SEEForgetModel.m */,
			);
			path = SEELoginModel;
			sourceTree = "<group>";
		};
		6C1C8389256FE405001BB151 /* SEERegister */ = {
			isa = PBXGroup;
			children = (
				6C1C838F256FE49F001BB151 /* SEERegisterModel */,
				6C1C838E256FE492001BB151 /* SEERegisterView */,
				6C1C838D256FE468001BB151 /* SEERegisterController */,
			);
			path = SEERegister;
			sourceTree = "<group>";
		};
		6C1C838D256FE468001BB151 /* SEERegisterController */ = {
			isa = PBXGroup;
			children = (
				6C1C838A256FE45B001BB151 /* SEERegisterViewController.h */,
				6C1C838B256FE45B001BB151 /* SEERegisterViewController.m */,
			);
			path = SEERegisterController;
			sourceTree = "<group>";
		};
		6C1C838E256FE492001BB151 /* SEERegisterView */ = {
			isa = PBXGroup;
			children = (
				6C1C8390256FE683001BB151 /* SEERegisterView.h */,
				6C1C8391256FE683001BB151 /* SEERegisterView.m */,
			);
			path = SEERegisterView;
			sourceTree = "<group>";
		};
		6C1C838F256FE49F001BB151 /* SEERegisterModel */ = {
			isa = PBXGroup;
			children = (
				6C6390D52573D702008A5BEE /* SEERegisterModel.h */,
				6C6390D62573D702008A5BEE /* SEERegisterModel.m */,
			);
			path = SEERegisterModel;
			sourceTree = "<group>";
		};
		6C1C8393256FEC36001BB151 /* SEEBlindVideoCall */ = {
			isa = PBXGroup;
			children = (
				6C1C83A2256FF951001BB151 /* SEEBlindVideoCallModel */,
				6C1C83A1256FF93E001BB151 /* SEEBlindVideoCallView */,
				6C1C83A0256FF921001BB151 /* SEEBlindVideoCallController */,
			);
			path = SEEBlindVideoCall;
			sourceTree = "<group>";
		};
		6C1C8394256FEC62001BB151 /* SEEBlindGeneralInfo */ = {
			isa = PBXGroup;
			children = (
				6CCAEDAA2591FF3E00C237D8 /* GeneralInfoView */,
				6C1C839A256FEDD0001BB151 /* SEEBlindGeneralInfoViewController.h */,
				6C1C839B256FEDD0001BB151 /* SEEBlindGeneralInfoViewController.m */,
			);
			path = SEEBlindGeneralInfo;
			sourceTree = "<group>";
		};
		6C1C8395256FECC8001BB151 /* SEEBlindPersonal */ = {
			isa = PBXGroup;
			children = (
				6C4C6FC12575065100BC3C2C /* SEEBlindPersonalMain */,
				6C4C6FC22575068C00BC3C2C /* SEESubBlindPersonalCentre */,
				6C4C6FC3257506F300BC3C2C /* SEESubBlindPersonalModify */,
				6C4C6FC42575071A00BC3C2C /* SEESubBlindPersonalContact */,
			);
			path = SEEBlindPersonal;
			sourceTree = "<group>";
		};
		6C1C8396256FED2B001BB151 /* SEELoginAndRegister */ = {
			isa = PBXGroup;
			children = (
				6C1C8382256FC3FA001BB151 /* SEELogin */,
				6C43D1C2256A48630039D232 /* SEEChoose */,
				6C1C8389256FE405001BB151 /* SEERegister */,
			);
			path = SEELoginAndRegister;
			sourceTree = "<group>";
		};
		6C1C83A0256FF921001BB151 /* SEEBlindVideoCallController */ = {
			isa = PBXGroup;
			children = (
				6C1C8397256FEDA1001BB151 /* SEEBlindVideoCallViewController.h */,
				6C1C8398256FEDA1001BB151 /* SEEBlindVideoCallViewController.m */,
			);
			path = SEEBlindVideoCallController;
			sourceTree = "<group>";
		};
		6C1C83A1256FF93E001BB151 /* SEEBlindVideoCallView */ = {
			isa = PBXGroup;
			children = (
				6C1C83A3256FF988001BB151 /* SEEBlindVideoCallView.h */,
				6C1C83A4256FF988001BB151 /* SEEBlindVideoCallView.m */,
			);
			path = SEEBlindVideoCallView;
			sourceTree = "<group>";
		};
		6C1C83A2256FF951001BB151 /* SEEBlindVideoCallModel */ = {
			isa = PBXGroup;
			children = (
			);
			path = SEEBlindVideoCallModel;
			sourceTree = "<group>";
		};
		6C2AAD76259620AA009A3B74 /* ContactModel */ = {
			isa = PBXGroup;
			children = (
				6C2AAD77259620CD009A3B74 /* SEEBlindContactModel.h */,
				6C2AAD78259620CD009A3B74 /* SEEBlindContactModel.m */,
			);
			path = ContactModel;
			sourceTree = "<group>";
		};
		6C43D17E256A47390039D232 = {
			isa = PBXGroup;
			children = (
				6C56A9052577BB100072AA1A /* images */,
				6C43D189256A47390039D232 /* Seeing */,
				6C43D1A5256A473D0039D232 /* SeeingTests */,
				6C43D1B0256A473D0039D232 /* SeeingUITests */,
				6C43D188256A47390039D232 /* Products */,
				34D5BC8FD71E55BC04707757 /* Pods */,
				045289542ADAF1F96ED6E38F /* Frameworks */,
			);
			sourceTree = "<group>";
		};
		6C43D188256A47390039D232 /* Products */ = {
			isa = PBXGroup;
			children = (
				6C43D187256A47390039D232 /* Seeing.app */,
				6C43D1A2256A473D0039D232 /* SeeingTests.xctest */,
				6C43D1AD256A473D0039D232 /* SeeingUITests.xctest */,
			);
			name = Products;
			sourceTree = "<group>";
		};
		6C43D189256A47390039D232 /* Seeing */ = {
			isa = PBXGroup;
			children = (
				6C43D18A256A47390039D232 /* AppDelegate.h */,
				6C43D18B256A47390039D232 /* AppDelegate.m */,
				6C43D18D256A47390039D232 /* SceneDelegate.h */,
				6C43D18E256A47390039D232 /* SceneDelegate.m */,
				6C6390D22573C33D008A5BEE /* Manager.h */,
				6C6390D32573C33D008A5BEE /* Manager.m */,
				6C3B2B0E25931101004E80CB /* SpeechManager.h */,
				6C3B2B0F25931101004E80CB /* SpeechManager.m */,
				6C1BD06E25948ABB00CB05AD /* UILabel+Touch.h */,
				6C1BD06F25948ABB00CB05AD /* UILabel+Touch.m */,
				6C1C8396256FED2B001BB151 /* SEELoginAndRegister */,
				6C8DBF97256E977600625C9D /* SEEBlind */,
				6C8DBF98256E99EC00625C9D /* SEEVolunteer */,
				6C43D193256A47390039D232 /* Main.storyboard */,
				6C43D196256A473D0039D232 /* Assets.xcassets */,
				6C43D198256A473D0039D232 /* LaunchScreen.storyboard */,
				6C43D19B256A473D0039D232 /* Info.plist */,
				6C43D19C256A473D0039D232 /* main.m */,
			);
			path = Seeing;
			sourceTree = "<group>";
		};
		6C43D1A5256A473D0039D232 /* SeeingTests */ = {
			isa = PBXGroup;
			children = (
				6C43D1A6256A473D0039D232 /* SeeingTests.m */,
				6C43D1A8256A473D0039D232 /* Info.plist */,
			);
			path = SeeingTests;
			sourceTree = "<group>";
		};
		6C43D1B0256A473D0039D232 /* SeeingUITests */ = {
			isa = PBXGroup;
			children = (
				6C43D1B1256A473D0039D232 /* SeeingUITests.m */,
				6C43D1B3256A473D0039D232 /* Info.plist */,
			);
			path = SeeingUITests;
			sourceTree = "<group>";
		};
		6C43D1C2256A48630039D232 /* SEEChoose */ = {
			isa = PBXGroup;
			children = (
				6C43D1C4256A48850039D232 /* SEEChooseView */,
				6C43D1C5256A489D0039D232 /* SEEChooseController */,
			);
			path = SEEChoose;
			sourceTree = "<group>";
		};
		6C43D1C4256A48850039D232 /* SEEChooseView */ = {
			isa = PBXGroup;
			children = (
				6C43D1C7256A499B0039D232 /* SEEChooseView.h */,
				6C43D1C8256A499B0039D232 /* SEEChooseView.m */,
			);
			path = SEEChooseView;
			sourceTree = "<group>";
		};
		6C43D1C5256A489D0039D232 /* SEEChooseController */ = {
			isa = PBXGroup;
			children = (
				6C43D1BF256A485B0039D232 /* SEEChooseViewController.h */,
				6C43D1C0256A485B0039D232 /* SEEChooseViewController.m */,
			);
			path = SEEChooseController;
			sourceTree = "<group>";
		};
		6C4C6FB82574ED0900BC3C2C /* SEEBlindPersonalController */ = {
			isa = PBXGroup;
			children = (
				6C1C839D256FEDE6001BB151 /* SEEBlindPersonalViewController.h */,
				6C1C839E256FEDE6001BB151 /* SEEBlindPersonalViewController.m */,
			);
			path = SEEBlindPersonalController;
			sourceTree = "<group>";
		};
		6C4C6FB92574ED2700BC3C2C /* SEEBlindPersonalView */ = {
			isa = PBXGroup;
			children = (
				6C4C6FBB2574ED6700BC3C2C /* SEEBlindPersonalView.h */,
				6C4C6FBC2574ED6700BC3C2C /* SEEBlindPersonalView.m */,
				6C4C6FBE2574EFCF00BC3C2C /* SEEBlindPersonalTableViewCell.h */,
				6C4C6FBF2574EFCF00BC3C2C /* SEEBlindPersonalTableViewCell.m */,
			);
			path = SEEBlindPersonalView;
			sourceTree = "<group>";
		};
		6C4C6FBA2574ED3600BC3C2C /* SEEBlindPersonalModel */ = {
			isa = PBXGroup;
			children = (
			);
			path = SEEBlindPersonalModel;
			sourceTree = "<group>";
		};
		6C4C6FC12575065100BC3C2C /* SEEBlindPersonalMain */ = {
			isa = PBXGroup;
			children = (
				6C4C6FBA2574ED3600BC3C2C /* SEEBlindPersonalModel */,
				6C4C6FB92574ED2700BC3C2C /* SEEBlindPersonalView */,
				6C4C6FB82574ED0900BC3C2C /* SEEBlindPersonalController */,
			);
			path = SEEBlindPersonalMain;
			sourceTree = "<group>";
		};
		6C4C6FC22575068C00BC3C2C /* SEESubBlindPersonalCentre */ = {
			isa = PBXGroup;
			children = (
				6C4C6FCA2575091E00BC3C2C /* SEEBlindSubPersonalCentreModel */,
				6C4C6FC92575090600BC3C2C /* SEEBlindSubPersonalCentreView */,
				6C4C6FC8257508D700BC3C2C /* SEEBlindSubpersonalCrntreController */,
			);
			path = SEESubBlindPersonalCentre;
			sourceTree = "<group>";
		};
		6C4C6FC3257506F300BC3C2C /* SEESubBlindPersonalModify */ = {
			isa = PBXGroup;
			children = (
				6C709191258B92B600EB5C94 /* SEEBlindModifyView */,
				6C4C6FCE257509D200BC3C2C /* SEEBlindSubPersonalModifyViewController.h */,
				6C4C6FCF257509D200BC3C2C /* SEEBlindSubPersonalModifyViewController.m */,
			);
			path = SEESubBlindPersonalModify;
			sourceTree = "<group>";
		};
		6C4C6FC42575071A00BC3C2C /* SEESubBlindPersonalContact */ = {
			isa = PBXGroup;
			children = (
				6C2AAD76259620AA009A3B74 /* ContactModel */,
				6C5716582595AAD00048163B /* ContactView */,
				6C5716572595AAB80048163B /* ContactController */,
			);
			path = SEESubBlindPersonalContact;
			sourceTree = "<group>";
		};
		6C4C6FC8257508D700BC3C2C /* SEEBlindSubpersonalCrntreController */ = {
			isa = PBXGroup;
			children = (
				6C4C6FC5257508B400BC3C2C /* SEESubBlindPersonalCentreViewController.h */,
				6C4C6FC6257508B400BC3C2C /* SEESubBlindPersonalCentreViewController.m */,
			);
			path = SEEBlindSubpersonalCrntreController;
			sourceTree = "<group>";
		};
		6C4C6FC92575090600BC3C2C /* SEEBlindSubPersonalCentreView */ = {
			isa = PBXGroup;
			children = (
				6C4C6FCB2575096D00BC3C2C /* SEESubBlindPersonalCentreView.h */,
				6C4C6FCC2575096D00BC3C2C /* SEESubBlindPersonalCentreView.m */,
				6C4C6FD425750F2800BC3C2C /* SEESubBlindPersonCentreTableViewCell.h */,
				6C4C6FD525750F2800BC3C2C /* SEESubBlindPersonCentreTableViewCell.m */,
			);
			path = SEEBlindSubPersonalCentreView;
			sourceTree = "<group>";
		};
		6C4C6FCA2575091E00BC3C2C /* SEEBlindSubPersonalCentreModel */ = {
			isa = PBXGroup;
			children = (
				6C1BD0712594FA3F00CB05AD /* SEEBlindPersonalCentreModel.h */,
				6C1BD0722594FA3F00CB05AD /* SEEBlindPersonalCentreModel.m */,
			);
			path = SEEBlindSubPersonalCentreModel;
			sourceTree = "<group>";
		};
		6C56A9052577BB100072AA1A /* images */ = {
			isa = PBXGroup;
			children = (
				6C56A9032577BA650072AA1A /* fanhui.png */,
				6C56A90A2577DB4C0072AA1A /* changyongxinxi-2.png */,
				6C56A9092577DB4C0072AA1A /* changyongxinxi.png */,
				6C56A90C2577DB4C0072AA1A /* shipintonghua-2.png */,
				6C56A90B2577DB4C0072AA1A /* shipintonghua.png */,
				6C56A90D2577DB4C0072AA1A /* wode-2.png */,
				6C56A9062577DB4C0072AA1A /* wode-3.png */,
				6C56A9082577DB4C0072AA1A /* wode-4.png */,
				6C56A9072577DB4C0072AA1A /* wode.png */,
				6C5641272578DC6C006428DD /* bj.jpg */,
				6C5641252578D8D4006428DD /* tj.jpg */,
				6CC55E55257956D700FF1E97 /* saoyisao.png */,
				6CCAEDBD25922CBF00C237D8 /* saoyisao-3.png */,
				6C51EE73257E45D6006D746B /* tonghuajilu.png */,
				6C998DED258A52F200526ECC /* fengexian.png */,
				6C70918F258B7B2000EB5C94 /* fengexian-2.png */,
				6C5FBF012591E5810064DC9F /* zhishituputubiao-.png */,
				6CCAEDA52591F53100C237D8 /* tonghua.png */,
				6CCAEDB125920DA000C237D8 /* taiyang.png */,
				6CCAEDB325920DAB00C237D8 /* yinle.png */,
				6CCAEDBB2592102C00C237D8 /* ziyuan.png */,
				6CCAEDB525920DB100C237D8 /* zixun.png */,
				6CCAEDB725920FBF00C237D8 /* zixun-2.png */,
				6CCAEDB925920FC500C237D8 /* zixun-3.png */,
				6C5716552595A2FB0048163B /* tianjia.png */,
			);
			path = images;
			sourceTree = "<group>";
		};
		6C5716572595AAB80048163B /* ContactController */ = {
			isa = PBXGroup;
			children = (
				6C4C6FD1257509F500BC3C2C /* SEEBlindPersonalContactViewController.h */,
				6C4C6FD2257509F500BC3C2C /* SEEBlindPersonalContactViewController.m */,
				6C57165F2595AB9B0048163B /* SEEBlindContactAddViewController.h */,
				6C5716602595AB9B0048163B /* SEEBlindContactAddViewController.m */,
			);
			path = ContactController;
			sourceTree = "<group>";
		};
		6C5716582595AAD00048163B /* ContactView */ = {
			isa = PBXGroup;
			children = (
				6C3B2B1125939152004E80CB /* SEEBlindPersonalContactView.h */,
				6C3B2B1225939152004E80CB /* SEEBlindPersonalContactView.m */,
				6C3B2B142593B420004E80CB /* SEEBlindPersonalContactTableViewCell.h */,
				6C3B2B152593B420004E80CB /* SEEBlindPersonalContactTableViewCell.m */,
				6C57165C2595AB670048163B /* SEEBlindContactAddView.h */,
				6C57165D2595AB670048163B /* SEEBlindContactAddView.m */,
			);
			path = ContactView;
			sourceTree = "<group>";
		};
		6C709191258B92B600EB5C94 /* SEEBlindModifyView */ = {
			isa = PBXGroup;
			children = (
				6C709192258B92F900EB5C94 /* SEEBlindSubPersonalModifyView.h */,
				6C709193258B92F900EB5C94 /* SEEBlindSubPersonalModifyView.m */,
			);
			path = SEEBlindModifyView;
			sourceTree = "<group>";
		};
		6C808A9B2590E0C70060C94A /* VolunteerPersonalMain */ = {
			isa = PBXGroup;
			children = (
				6C808A9C2590E1050060C94A /* VolunteerPersonalView */,
				6CBFD1DA257B8C840076A562 /* SEEVolunteerPersonalViewController.h */,
				6CBFD1DB257B8C840076A562 /* SEEVolunteerPersonalViewController.m */,
			);
			path = VolunteerPersonalMain;
			sourceTree = "<group>";
		};
		6C808A9C2590E1050060C94A /* VolunteerPersonalView */ = {
			isa = PBXGroup;
			children = (
				6C808A9D2590E1310060C94A /* SEEVolunteerPersonalView.h */,
				6C808A9E2590E1310060C94A /* SEEVolunteerPersonalView.m */,
			);
			path = VolunteerPersonalView;
			sourceTree = "<group>";
		};
		6C8DBF97256E977600625C9D /* SEEBlind */ = {
			isa = PBXGroup;
			children = (
				6C1C8393256FEC36001BB151 /* SEEBlindVideoCall */,
				6C1C8394256FEC62001BB151 /* SEEBlindGeneralInfo */,
				6C1C8395256FECC8001BB151 /* SEEBlindPersonal */,
			);
			path = SEEBlind;
			sourceTree = "<group>";
		};
		6C8DBF98256E99EC00625C9D /* SEEVolunteer */ = {
			isa = PBXGroup;
			children = (
				6CBFD1D1257B8B880076A562 /* SEEVolunteerMain */,
				6CBFD1D2257B8BA50076A562 /* SEEVolunteerUpload */,
				6CBFD1D3257B8C2B0076A562 /* SEEVolunteerPersonal */,
			);
			path = SEEVolunteer;
			sourceTree = "<group>";
		};
		6CBFD1D1257B8B880076A562 /* SEEVolunteerMain */ = {
			isa = PBXGroup;
			children = (
				6CBFD1D4257B8C5B0076A562 /* SEEVolunteerMainViewController.h */,
				6CBFD1D5257B8C5B0076A562 /* SEEVolunteerMainViewController.m */,
				6C51EE70257E42D6006D746B /* SEEVolunteerMainView.h */,
				6C51EE71257E42D6006D746B /* SEEVolunteerMainView.m */,
			);
			path = SEEVolunteerMain;
			sourceTree = "<group>";
		};
		6CBFD1D2257B8BA50076A562 /* SEEVolunteerUpload */ = {
			isa = PBXGroup;
			children = (
				6CBFD1D7257B8C710076A562 /* SEEVolunteerUploadViewController.h */,
				6CBFD1D8257B8C710076A562 /* SEEVolunteerUploadViewController.m */,
			);
			path = SEEVolunteerUpload;
			sourceTree = "<group>";
		};
		6CBFD1D3257B8C2B0076A562 /* SEEVolunteerPersonal */ = {
			isa = PBXGroup;
			children = (
				6C808A9B2590E0C70060C94A /* VolunteerPersonalMain */,
			);
			path = SEEVolunteerPersonal;
			sourceTree = "<group>";
		};
		6CCAEDAA2591FF3E00C237D8 /* GeneralInfoView */ = {
			isa = PBXGroup;
			children = (
				6CCAEDAB259200CD00C237D8 /* SEEBlindGeneralInfoView.h */,
				6CCAEDAC259200CD00C237D8 /* SEEBlindGeneralInfoView.m */,
				6CCAEDAE2592092100C237D8 /* SEEBlindGeneralInfoTableViewCell.h */,
				6CCAEDAF2592092100C237D8 /* SEEBlindGeneralInfoTableViewCell.m */,
			);
			path = GeneralInfoView;
			sourceTree = "<group>";
		};
/* End PBXGroup section */

/* Begin PBXNativeTarget section */
		6C43D186256A47390039D232 /* Seeing */ = {
			isa = PBXNativeTarget;
			buildConfigurationList = 6C43D1B6256A473D0039D232 /* Build configuration list for PBXNativeTarget "Seeing" */;
			buildPhases = (
				9E1EEC0A5929342F9B7BEDBB /* [CP] Check Pods Manifest.lock */,
				6C43D183256A47390039D232 /* Sources */,
				6C43D184256A47390039D232 /* Frameworks */,
				6C43D185256A47390039D232 /* Resources */,
			);
			buildRules = (
			);
			dependencies = (
			);
			name = Seeing;
			productName = Seeing;
			productReference = 6C43D187256A47390039D232 /* Seeing.app */;
			productType = "com.apple.product-type.application";
		};
		6C43D1A1256A473D0039D232 /* SeeingTests */ = {
			isa = PBXNativeTarget;
			buildConfigurationList = 6C43D1B9256A473D0039D232 /* Build configuration list for PBXNativeTarget "SeeingTests" */;
			buildPhases = (
				6C43D19E256A473D0039D232 /* Sources */,
				6C43D19F256A473D0039D232 /* Frameworks */,
				6C43D1A0256A473D0039D232 /* Resources */,
			);
			buildRules = (
			);
			dependencies = (
				6C43D1A4256A473D0039D232 /* PBXTargetDependency */,
			);
			name = SeeingTests;
			productName = SeeingTests;
			productReference = 6C43D1A2256A473D0039D232 /* SeeingTests.xctest */;
			productType = "com.apple.product-type.bundle.unit-test";
		};
		6C43D1AC256A473D0039D232 /* SeeingUITests */ = {
			isa = PBXNativeTarget;
			buildConfigurationList = 6C43D1BC256A473D0039D232 /* Build configuration list for PBXNativeTarget "SeeingUITests" */;
			buildPhases = (
				6C43D1A9256A473D0039D232 /* Sources */,
				6C43D1AA256A473D0039D232 /* Frameworks */,
				6C43D1AB256A473D0039D232 /* Resources */,
			);
			buildRules = (
			);
			dependencies = (
				6C43D1AF256A473D0039D232 /* PBXTargetDependency */,
			);
			name = SeeingUITests;
			productName = SeeingUITests;
			productReference = 6C43D1AD256A473D0039D232 /* SeeingUITests.xctest */;
			productType = "com.apple.product-type.bundle.ui-testing";
		};
/* End PBXNativeTarget section */

/* Begin PBXProject section */
		6C43D17F256A47390039D232 /* Project object */ = {
			isa = PBXProject;
			attributes = {
				LastUpgradeCheck = 1150;
				ORGANIZATIONNAME = "房彤";
				TargetAttributes = {
					6C43D186256A47390039D232 = {
						CreatedOnToolsVersion = 11.5;
					};
					6C43D1A1256A473D0039D232 = {
						CreatedOnToolsVersion = 11.5;
						TestTargetID = 6C43D186256A47390039D232;
					};
					6C43D1AC256A473D0039D232 = {
						CreatedOnToolsVersion = 11.5;
						TestTargetID = 6C43D186256A47390039D232;
					};
				};
			};
			buildConfigurationList = 6C43D182256A47390039D232 /* Build configuration list for PBXProject "Seeing" */;
			compatibilityVersion = "Xcode 9.3";
			developmentRegion = en;
			hasScannedForEncodings = 0;
			knownRegions = (
				en,
				Base,
			);
			mainGroup = 6C43D17E256A47390039D232;
			productRefGroup = 6C43D188256A47390039D232 /* Products */;
			projectDirPath = "";
			projectRoot = "";
			targets = (
				6C43D186256A47390039D232 /* Seeing */,
				6C43D1A1256A473D0039D232 /* SeeingTests */,
				6C43D1AC256A473D0039D232 /* SeeingUITests */,
			);
		};
/* End PBXProject section */

/* Begin PBXResourcesBuildPhase section */
		6C43D185256A47390039D232 /* Resources */ = {
			isa = PBXResourcesBuildPhase;
			buildActionMask = 2147483647;
			files = (
				6C5641262578D8D4006428DD /* tj.jpg in Resources */,
				6C56A90E2577DB4C0072AA1A /* wode-3.png in Resources */,
				6C5716562595A2FC0048163B /* tianjia.png in Resources */,
				6C709190258B7B2000EB5C94 /* fengexian-2.png in Resources */,
				6CCAEDA62591F53100C237D8 /* tonghua.png in Resources */,
				6C56A9042577BA650072AA1A /* fanhui.png in Resources */,
				6C56A9102577DB4C0072AA1A /* wode-4.png in Resources */,
				6CCAEDB625920DB100C237D8 /* zixun.png in Resources */,
				6C56A9132577DB4C0072AA1A /* shipintonghua.png in Resources */,
				6C56A9122577DB4C0072AA1A /* changyongxinxi-2.png in Resources */,
				6C56A9112577DB4C0072AA1A /* changyongxinxi.png in Resources */,
				6CCAEDBA25920FC500C237D8 /* zixun-3.png in Resources */,
				6CCAEDBE25922CC000C237D8 /* saoyisao-3.png in Resources */,
				6C56A9142577DB4C0072AA1A /* shipintonghua-2.png in Resources */,
				6C56A90F2577DB4C0072AA1A /* wode.png in Resources */,
				6C5641282578DC6C006428DD /* bj.jpg in Resources */,
				6C43D19A256A473D0039D232 /* LaunchScreen.storyboard in Resources */,
				6CCAEDBC2592102C00C237D8 /* ziyuan.png in Resources */,
				6C5FBF022591E5810064DC9F /* zhishituputubiao-.png in Resources */,
				6C998DEE258A52F200526ECC /* fengexian.png in Resources */,
				6CC55E56257956D700FF1E97 /* saoyisao.png in Resources */,
				6C51EE74257E45D6006D746B /* tonghuajilu.png in Resources */,
				6C43D197256A473D0039D232 /* Assets.xcassets in Resources */,
				6CCAEDB825920FBF00C237D8 /* zixun-2.png in Resources */,
				6CCAEDB225920DA000C237D8 /* taiyang.png in Resources */,
				6CCAEDB425920DAB00C237D8 /* yinle.png in Resources */,
				6C43D195256A47390039D232 /* Main.storyboard in Resources */,
				6C56A9152577DB4C0072AA1A /* wode-2.png in Resources */,
			);
			runOnlyForDeploymentPostprocessing = 0;
		};
		6C43D1A0256A473D0039D232 /* Resources */ = {
			isa = PBXResourcesBuildPhase;
			buildActionMask = 2147483647;
			files = (
			);
			runOnlyForDeploymentPostprocessing = 0;
		};
		6C43D1AB256A473D0039D232 /* Resources */ = {
			isa = PBXResourcesBuildPhase;
			buildActionMask = 2147483647;
			files = (
			);
			runOnlyForDeploymentPostprocessing = 0;
		};
/* End PBXResourcesBuildPhase section */

/* Begin PBXShellScriptBuildPhase section */
		9E1EEC0A5929342F9B7BEDBB /* [CP] Check Pods Manifest.lock */ = {
			isa = PBXShellScriptBuildPhase;
			buildActionMask = 2147483647;
			files = (
			);
			inputFileListPaths = (
			);
			inputPaths = (
				"${PODS_PODFILE_DIR_PATH}/Podfile.lock",
				"${PODS_ROOT}/Manifest.lock",
			);
			name = "[CP] Check Pods Manifest.lock";
			outputFileListPaths = (
			);
			outputPaths = (
				"$(DERIVED_FILE_DIR)/Pods-Seeing-checkManifestLockResult.txt",
			);
			runOnlyForDeploymentPostprocessing = 0;
			shellPath = /bin/sh;
			shellScript = "diff \"${PODS_PODFILE_DIR_PATH}/Podfile.lock\" \"${PODS_ROOT}/Manifest.lock\" > /dev/null\nif [ $? != 0 ] ; then\n    # print error to STDERR\n    echo \"error: The sandbox is not in sync with the Podfile.lock. Run 'pod install' or update your CocoaPods installation.\" >&2\n    exit 1\nfi\n# This output is used by Xcode 'outputs' to avoid re-running this script phase.\necho \"SUCCESS\" > \"${SCRIPT_OUTPUT_FILE_0}\"\n";
			showEnvVarsInLog = 0;
		};
/* End PBXShellScriptBuildPhase section */

/* Begin PBXSourcesBuildPhase section */
		6C43D183256A47390039D232 /* Sources */ = {
			isa = PBXSourcesBuildPhase;
			buildActionMask = 2147483647;
			files = (
				6CBFD1D6257B8C5B0076A562 /* SEEVolunteerMainViewController.m in Sources */,
				6C4C6FD625750F2800BC3C2C /* SEESubBlindPersonCentreTableViewCell.m in Sources */,
				6C4C6FD0257509D200BC3C2C /* SEEBlindSubPersonalModifyViewController.m in Sources */,
				6C5716612595AB9B0048163B /* SEEBlindContactAddViewController.m in Sources */,
				6C808A9F2590E1310060C94A /* SEEVolunteerPersonalView.m in Sources */,
				6C1BD0732594FA3F00CB05AD /* SEEBlindPersonalCentreModel.m in Sources */,
				6C4C6FD3257509F500BC3C2C /* SEEBlindPersonalContactViewController.m in Sources */,
				6C1C839C256FEDD0001BB151 /* SEEBlindGeneralInfoViewController.m in Sources */,
				6C3B2B162593B420004E80CB /* SEEBlindPersonalContactTableViewCell.m in Sources */,
				6C4C6FB72574E4A300BC3C2C /* SEELoginModel.m in Sources */,
				6C6390D72573D702008A5BEE /* SEERegisterModel.m in Sources */,
				6CBFD1DC257B8C840076A562 /* SEEVolunteerPersonalViewController.m in Sources */,
				6C4C6FBD2574ED6700BC3C2C /* SEEBlindPersonalView.m in Sources */,
				6CCAEDAD259200CD00C237D8 /* SEEBlindGeneralInfoView.m in Sources */,
				6C53A243256FBABB00E7E78D /* SEELoginViewController.m in Sources */,
				6C1C8388256FC62A001BB151 /* SEELoginView.m in Sources */,
				6C43D18C256A47390039D232 /* AppDelegate.m in Sources */,
				6C998DF1258A63B500526ECC /* SEEForgetModel.m in Sources */,
				6C4C6FC7257508B400BC3C2C /* SEESubBlindPersonalCentreViewController.m in Sources */,
				6C43D1C1256A485B0039D232 /* SEEChooseViewController.m in Sources */,
				6C709194258B92F900EB5C94 /* SEEBlindSubPersonalModifyView.m in Sources */,
				6C1C8399256FEDA1001BB151 /* SEEBlindVideoCallViewController.m in Sources */,
				6C3B2B1325939152004E80CB /* SEEBlindPersonalContactView.m in Sources */,
				6C51EE72257E42D6006D746B /* SEEVolunteerMainView.m in Sources */,
				6C4C6FCD2575096D00BC3C2C /* SEESubBlindPersonalCentreView.m in Sources */,
				6C998DE6258A41FE00526ECC /* SEEForgetView.m in Sources */,
				6CBFD1D9257B8C710076A562 /* SEEVolunteerUploadViewController.m in Sources */,
				6C70918B258B601300EB5C94 /* SEEResetPasswordViewController.m in Sources */,
				6C43D1C9256A499B0039D232 /* SEEChooseView.m in Sources */,
				6C43D19D256A473D0039D232 /* main.m in Sources */,
				6C3B2B1025931101004E80CB /* SpeechManager.m in Sources */,
				6C998DEC258A426300526ECC /* SEEForgetViewController.m in Sources */,
				6C2AAD79259620CD009A3B74 /* SEEBlindContactModel.m in Sources */,
				6C1BD07025948ABB00CB05AD /* UILabel+Touch.m in Sources */,
				6C1C839F256FEDE6001BB151 /* SEEBlindPersonalViewController.m in Sources */,
				6CCAEDB02592092100C237D8 /* SEEBlindGeneralInfoTableViewCell.m in Sources */,
				6C43D18F256A47390039D232 /* SceneDelegate.m in Sources */,
				6C1C8392256FE683001BB151 /* SEERegisterView.m in Sources */,
				6C1C838C256FE45B001BB151 /* SEERegisterViewController.m in Sources */,
				6C1C83A5256FF988001BB151 /* SEEBlindVideoCallView.m in Sources */,
				6C6390D42573C33D008A5BEE /* Manager.m in Sources */,
				6C4C6FC02574EFCF00BC3C2C /* SEEBlindPersonalTableViewCell.m in Sources */,
				6C57165E2595AB670048163B /* SEEBlindContactAddView.m in Sources */,
				6C70918E258B602B00EB5C94 /* SEEResetPasswordView.m in Sources */,
			);
			runOnlyForDeploymentPostprocessing = 0;
		};
		6C43D19E256A473D0039D232 /* Sources */ = {
			isa = PBXSourcesBuildPhase;
			buildActionMask = 2147483647;
			files = (
				6C43D1A7256A473D0039D232 /* SeeingTests.m in Sources */,
			);
			runOnlyForDeploymentPostprocessing = 0;
		};
		6C43D1A9256A473D0039D232 /* Sources */ = {
			isa = PBXSourcesBuildPhase;
			buildActionMask = 2147483647;
			files = (
				6C43D1B2256A473D0039D232 /* SeeingUITests.m in Sources */,
			);
			runOnlyForDeploymentPostprocessing = 0;
		};
/* End PBXSourcesBuildPhase section */

/* Begin PBXTargetDependency section */
		6C43D1A4256A473D0039D232 /* PBXTargetDependency */ = {
			isa = PBXTargetDependency;
			target = 6C43D186256A47390039D232 /* Seeing */;
			targetProxy = 6C43D1A3256A473D0039D232 /* PBXContainerItemProxy */;
		};
		6C43D1AF256A473D0039D232 /* PBXTargetDependency */ = {
			isa = PBXTargetDependency;
			target = 6C43D186256A47390039D232 /* Seeing */;
			targetProxy = 6C43D1AE256A473D0039D232 /* PBXContainerItemProxy */;
		};
/* End PBXTargetDependency section */

/* Begin PBXVariantGroup section */
		6C43D193256A47390039D232 /* Main.storyboard */ = {
			isa = PBXVariantGroup;
			children = (
				6C43D194256A47390039D232 /* Base */,
			);
			name = Main.storyboard;
			sourceTree = "<group>";
		};
		6C43D198256A473D0039D232 /* LaunchScreen.storyboard */ = {
			isa = PBXVariantGroup;
			children = (
				6C43D199256A473D0039D232 /* Base */,
			);
			name = LaunchScreen.storyboard;
			sourceTree = "<group>";
		};
/* End PBXVariantGroup section */

/* Begin XCBuildConfiguration section */
		6C43D1B4256A473D0039D232 /* Debug */ = {
			isa = XCBuildConfiguration;
			buildSettings = {
				ALWAYS_SEARCH_USER_PATHS = NO;
				CLANG_ANALYZER_NONNULL = YES;
				CLANG_ANALYZER_NUMBER_OBJECT_CONVERSION = YES_AGGRESSIVE;
				CLANG_CXX_LANGUAGE_STANDARD = "gnu++14";
				CLANG_CXX_LIBRARY = "libc++";
				CLANG_ENABLE_MODULES = YES;
				CLANG_ENABLE_OBJC_ARC = YES;
				CLANG_ENABLE_OBJC_WEAK = YES;
				CLANG_WARN_BLOCK_CAPTURE_AUTORELEASING = YES;
				CLANG_WARN_BOOL_CONVERSION = YES;
				CLANG_WARN_COMMA = YES;
				CLANG_WARN_CONSTANT_CONVERSION = YES;
				CLANG_WARN_DEPRECATED_OBJC_IMPLEMENTATIONS = YES;
				CLANG_WARN_DIRECT_OBJC_ISA_USAGE = YES_ERROR;
				CLANG_WARN_DOCUMENTATION_COMMENTS = YES;
				CLANG_WARN_EMPTY_BODY = YES;
				CLANG_WARN_ENUM_CONVERSION = YES;
				CLANG_WARN_INFINITE_RECURSION = YES;
				CLANG_WARN_INT_CONVERSION = YES;
				CLANG_WARN_NON_LITERAL_NULL_CONVERSION = YES;
				CLANG_WARN_OBJC_IMPLICIT_RETAIN_SELF = YES;
				CLANG_WARN_OBJC_LITERAL_CONVERSION = YES;
				CLANG_WARN_OBJC_ROOT_CLASS = YES_ERROR;
				CLANG_WARN_RANGE_LOOP_ANALYSIS = YES;
				CLANG_WARN_STRICT_PROTOTYPES = YES;
				CLANG_WARN_SUSPICIOUS_MOVE = YES;
				CLANG_WARN_UNGUARDED_AVAILABILITY = YES_AGGRESSIVE;
				CLANG_WARN_UNREACHABLE_CODE = YES;
				CLANG_WARN__DUPLICATE_METHOD_MATCH = YES;
				COPY_PHASE_STRIP = NO;
				DEBUG_INFORMATION_FORMAT = dwarf;
				ENABLE_STRICT_OBJC_MSGSEND = YES;
				ENABLE_TESTABILITY = YES;
				GCC_C_LANGUAGE_STANDARD = gnu11;
				GCC_DYNAMIC_NO_PIC = NO;
				GCC_NO_COMMON_BLOCKS = YES;
				GCC_OPTIMIZATION_LEVEL = 0;
				GCC_PREPROCESSOR_DEFINITIONS = (
					"DEBUG=1",
					"$(inherited)",
				);
				GCC_WARN_64_TO_32_BIT_CONVERSION = YES;
				GCC_WARN_ABOUT_RETURN_TYPE = YES_ERROR;
				GCC_WARN_UNDECLARED_SELECTOR = YES;
				GCC_WARN_UNINITIALIZED_AUTOS = YES_AGGRESSIVE;
				GCC_WARN_UNUSED_FUNCTION = YES;
				GCC_WARN_UNUSED_VARIABLE = YES;
				IPHONEOS_DEPLOYMENT_TARGET = 13.5;
				MTL_ENABLE_DEBUG_INFO = INCLUDE_SOURCE;
				MTL_FAST_MATH = YES;
				ONLY_ACTIVE_ARCH = YES;
				SDKROOT = iphoneos;
			};
			name = Debug;
		};
		6C43D1B5256A473D0039D232 /* Release */ = {
			isa = XCBuildConfiguration;
			buildSettings = {
				ALWAYS_SEARCH_USER_PATHS = NO;
				CLANG_ANALYZER_NONNULL = YES;
				CLANG_ANALYZER_NUMBER_OBJECT_CONVERSION = YES_AGGRESSIVE;
				CLANG_CXX_LANGUAGE_STANDARD = "gnu++14";
				CLANG_CXX_LIBRARY = "libc++";
				CLANG_ENABLE_MODULES = YES;
				CLANG_ENABLE_OBJC_ARC = YES;
				CLANG_ENABLE_OBJC_WEAK = YES;
				CLANG_WARN_BLOCK_CAPTURE_AUTORELEASING = YES;
				CLANG_WARN_BOOL_CONVERSION = YES;
				CLANG_WARN_COMMA = YES;
				CLANG_WARN_CONSTANT_CONVERSION = YES;
				CLANG_WARN_DEPRECATED_OBJC_IMPLEMENTATIONS = YES;
				CLANG_WARN_DIRECT_OBJC_ISA_USAGE = YES_ERROR;
				CLANG_WARN_DOCUMENTATION_COMMENTS = YES;
				CLANG_WARN_EMPTY_BODY = YES;
				CLANG_WARN_ENUM_CONVERSION = YES;
				CLANG_WARN_INFINITE_RECURSION = YES;
				CLANG_WARN_INT_CONVERSION = YES;
				CLANG_WARN_NON_LITERAL_NULL_CONVERSION = YES;
				CLANG_WARN_OBJC_IMPLICIT_RETAIN_SELF = YES;
				CLANG_WARN_OBJC_LITERAL_CONVERSION = YES;
				CLANG_WARN_OBJC_ROOT_CLASS = YES_ERROR;
				CLANG_WARN_RANGE_LOOP_ANALYSIS = YES;
				CLANG_WARN_STRICT_PROTOTYPES = YES;
				CLANG_WARN_SUSPICIOUS_MOVE = YES;
				CLANG_WARN_UNGUARDED_AVAILABILITY = YES_AGGRESSIVE;
				CLANG_WARN_UNREACHABLE_CODE = YES;
				CLANG_WARN__DUPLICATE_METHOD_MATCH = YES;
				COPY_PHASE_STRIP = NO;
				DEBUG_INFORMATION_FORMAT = "dwarf-with-dsym";
				ENABLE_NS_ASSERTIONS = NO;
				ENABLE_STRICT_OBJC_MSGSEND = YES;
				GCC_C_LANGUAGE_STANDARD = gnu11;
				GCC_NO_COMMON_BLOCKS = YES;
				GCC_WARN_64_TO_32_BIT_CONVERSION = YES;
				GCC_WARN_ABOUT_RETURN_TYPE = YES_ERROR;
				GCC_WARN_UNDECLARED_SELECTOR = YES;
				GCC_WARN_UNINITIALIZED_AUTOS = YES_AGGRESSIVE;
				GCC_WARN_UNUSED_FUNCTION = YES;
				GCC_WARN_UNUSED_VARIABLE = YES;
				IPHONEOS_DEPLOYMENT_TARGET = 13.5;
				MTL_ENABLE_DEBUG_INFO = NO;
				MTL_FAST_MATH = YES;
				SDKROOT = iphoneos;
				VALIDATE_PRODUCT = YES;
			};
			name = Release;
		};
		6C43D1B7256A473D0039D232 /* Debug */ = {
			isa = XCBuildConfiguration;
			baseConfigurationReference = 1F7B729F8F80AF4FD01236D2 /* Pods-Seeing.debug.xcconfig */;
			buildSettings = {
				ASSETCATALOG_COMPILER_APPICON_NAME = AppIcon;
				CODE_SIGN_STYLE = Automatic;
				DEVELOPMENT_TEAM = 7MDSPUX8AT;
				INFOPLIST_FILE = Seeing/Info.plist;
				IPHONEOS_DEPLOYMENT_TARGET = 13.1;
				LD_RUNPATH_SEARCH_PATHS = (
					"$(inherited)",
					"@executable_path/Frameworks",
				);
				PRODUCT_BUNDLE_IDENTIFIER = tyugjg.fhfghf;
				PRODUCT_NAME = "$(TARGET_NAME)";
				TARGETED_DEVICE_FAMILY = "1,2";
			};
			name = Debug;
		};
		6C43D1B8256A473D0039D232 /* Release */ = {
			isa = XCBuildConfiguration;
			baseConfigurationReference = E1ECAE199EC0EF9405EFD559 /* Pods-Seeing.release.xcconfig */;
			buildSettings = {
				ASSETCATALOG_COMPILER_APPICON_NAME = AppIcon;
				CODE_SIGN_STYLE = Automatic;
				DEVELOPMENT_TEAM = 7MDSPUX8AT;
				INFOPLIST_FILE = Seeing/Info.plist;
				IPHONEOS_DEPLOYMENT_TARGET = 13.1;
				LD_RUNPATH_SEARCH_PATHS = (
					"$(inherited)",
					"@executable_path/Frameworks",
				);
				PRODUCT_BUNDLE_IDENTIFIER = fangtong.Seeing;
				PRODUCT_NAME = "$(TARGET_NAME)";
				TARGETED_DEVICE_FAMILY = "1,2";
			};
			name = Release;
		};
		6C43D1BA256A473D0039D232 /* Debug */ = {
			isa = XCBuildConfiguration;
			buildSettings = {
				BUNDLE_LOADER = "$(TEST_HOST)";
				CODE_SIGN_STYLE = Automatic;
				INFOPLIST_FILE = SeeingTests/Info.plist;
				IPHONEOS_DEPLOYMENT_TARGET = 13.5;
				LD_RUNPATH_SEARCH_PATHS = (
					"$(inherited)",
					"@executable_path/Frameworks",
					"@loader_path/Frameworks",
				);
				PRODUCT_BUNDLE_IDENTIFIER = fangtong.SeeingTests;
				PRODUCT_NAME = "$(TARGET_NAME)";
				TARGETED_DEVICE_FAMILY = "1,2";
				TEST_HOST = "$(BUILT_PRODUCTS_DIR)/Seeing.app/Seeing";
			};
			name = Debug;
		};
		6C43D1BB256A473D0039D232 /* Release */ = {
			isa = XCBuildConfiguration;
			buildSettings = {
				BUNDLE_LOADER = "$(TEST_HOST)";
				CODE_SIGN_STYLE = Automatic;
				INFOPLIST_FILE = SeeingTests/Info.plist;
				IPHONEOS_DEPLOYMENT_TARGET = 13.5;
				LD_RUNPATH_SEARCH_PATHS = (
					"$(inherited)",
					"@executable_path/Frameworks",
					"@loader_path/Frameworks",
				);
				PRODUCT_BUNDLE_IDENTIFIER = fangtong.SeeingTests;
				PRODUCT_NAME = "$(TARGET_NAME)";
				TARGETED_DEVICE_FAMILY = "1,2";
				TEST_HOST = "$(BUILT_PRODUCTS_DIR)/Seeing.app/Seeing";
			};
			name = Release;
		};
		6C43D1BD256A473D0039D232 /* Debug */ = {
			isa = XCBuildConfiguration;
			buildSettings = {
				CODE_SIGN_STYLE = Automatic;
				INFOPLIST_FILE = SeeingUITests/Info.plist;
				LD_RUNPATH_SEARCH_PATHS = (
					"$(inherited)",
					"@executable_path/Frameworks",
					"@loader_path/Frameworks",
				);
				PRODUCT_BUNDLE_IDENTIFIER = fangtong.SeeingUITests;
				PRODUCT_NAME = "$(TARGET_NAME)";
				TARGETED_DEVICE_FAMILY = "1,2";
				TEST_TARGET_NAME = Seeing;
			};
			name = Debug;
		};
		6C43D1BE256A473D0039D232 /* Release */ = {
			isa = XCBuildConfiguration;
			buildSettings = {
				CODE_SIGN_STYLE = Automatic;
				INFOPLIST_FILE = SeeingUITests/Info.plist;
				LD_RUNPATH_SEARCH_PATHS = (
					"$(inherited)",
					"@executable_path/Frameworks",
					"@loader_path/Frameworks",
				);
				PRODUCT_BUNDLE_IDENTIFIER = fangtong.SeeingUITests;
				PRODUCT_NAME = "$(TARGET_NAME)";
				TARGETED_DEVICE_FAMILY = "1,2";
				TEST_TARGET_NAME = Seeing;
			};
			name = Release;
		};
/* End XCBuildConfiguration section */

/* Begin XCConfigurationList section */
		6C43D182256A47390039D232 /* Build configuration list for PBXProject "Seeing" */ = {
			isa = XCConfigurationList;
			buildConfigurations = (
				6C43D1B4256A473D0039D232 /* Debug */,
				6C43D1B5256A473D0039D232 /* Release */,
			);
			defaultConfigurationIsVisible = 0;
			defaultConfigurationName = Release;
		};
		6C43D1B6256A473D0039D232 /* Build configuration list for PBXNativeTarget "Seeing" */ = {
			isa = XCConfigurationList;
			buildConfigurations = (
				6C43D1B7256A473D0039D232 /* Debug */,
				6C43D1B8256A473D0039D232 /* Release */,
			);
			defaultConfigurationIsVisible = 0;
			defaultConfigurationName = Release;
		};
		6C43D1B9256A473D0039D232 /* Build configuration list for PBXNativeTarget "SeeingTests" */ = {
			isa = XCConfigurationList;
			buildConfigurations = (
				6C43D1BA256A473D0039D232 /* Debug */,
				6C43D1BB256A473D0039D232 /* Release */,
			);
			defaultConfigurationIsVisible = 0;
			defaultConfigurationName = Release;
		};
		6C43D1BC256A473D0039D232 /* Build configuration list for PBXNativeTarget "SeeingUITests" */ = {
			isa = XCConfigurationList;
			buildConfigurations = (
				6C43D1BD256A473D0039D232 /* Debug */,
				6C43D1BE256A473D0039D232 /* Release */,
			);
			defaultConfigurationIsVisible = 0;
			defaultConfigurationName = Release;
		};
/* End XCConfigurationList section */
	};
	rootObject = 6C43D17F256A47390039D232 /* Project object */;
}
